
Microsoft Visual Studio Solution File, Format Version 12.00
# Visual Studio Version 16
VisualStudioVersion = 16.0.29728.190
MinimumVisualStudioVersion = 10.0.40219.1
Project("{FAE04EC0-301F-11D3-BF4B-00C04F79EFBC}") = "ConsoleWars", "ConsoleWars\ConsoleWars.csproj", "{CAE9663C-7870-478E-A62A-74125D828C16}"
EndProject
Global
	GlobalSection(SolutionConfigurationPlatforms) = preSolution
		Debug|Any CPU = Debug|Any CPU
		Release|Any CPU = Release|Any CPU
	EndGlobalSection
	GlobalSection(ProjectConfigurationPlatforms) = postSolution
		{CAE9663C-7870-478E-A62A-74125D828C16}.Debug|Any CPU.ActiveCfg = Debug|Any CPU
		{CAE9663C-7870-478E-A62A-74125D828C16}.Debug|Any CPU.Build.0 = Debug|Any CPU
		{CAE9663C-7870-478E-A62A-74125D828C16}.Release|Any CPU.ActiveCfg = Release|Any CPU
		{CAE9663C-7870-478E-A62A-74125D828C16}.Release|Any CPU.Build.0 = Release|Any CPU
	EndGlobalSection
	GlobalSection(SolutionProperties) = preSolution
		HideSolutionNode = FALSE
	EndGlobalSection
	GlobalSection(ExtensibilityGlobals) = postSolution
		SolutionGuid = {1FCC543A-5FB9-41E0-BBC1-EF97C0A96D36}
	EndGlobalSection
EndGlobal
